
Microsoft Visual Studio Solution File, Format Version 12.00
# Visual Studio Version 17
VisualStudioVersion = 17.9.34728.123
MinimumVisualStudioVersion = 10.0.40219.1
Project("{FAE04EC0-301F-11D3-BF4B-00C04F79EFBC}") = "Yarl Vibe api", "Yarl Vibe api\Yarl Vibe api.csproj", "{5EDE4959-CDAC-40BC-B462-1B3F32F61646}"
EndProject
Global
	GlobalSection(SolutionConfigurationPlatforms) = preSolution
		Debug|Any CPU = Debug|Any CPU
		Release|Any CPU = Release|Any CPU
	EndGlobalSection
	GlobalSection(ProjectConfigurationPlatforms) = postSolution
		{5EDE4959-CDAC-40BC-B462-1B3F32F61646}.Debug|Any CPU.ActiveCfg = Debug|Any CPU
		{5EDE4959-CDAC-40BC-B462-1B3F32F61646}.Debug|Any CPU.Build.0 = Debug|Any CPU
		{5EDE4959-CDAC-40BC-B462-1B3F32F61646}.Release|Any CPU.ActiveCfg = Release|Any CPU
		{5EDE4959-CDAC-40BC-B462-1B3F32F61646}.Release|Any CPU.Build.0 = Release|Any CPU
	EndGlobalSection
	GlobalSection(SolutionProperties) = preSolution
		HideSolutionNode = FALSE
	EndGlobalSection
	GlobalSection(ExtensibilityGlobals) = postSolution
		SolutionGuid = {341C5C76-CDA1-42C9-B3FB-8FE97DDE2CC6}
	EndGlobalSection
EndGlobal
